// !$*UTF8*$!
{
	archiveVersion = 1;
	classes = {
	};
	objectVersion = 51;
	objects = {

/* Begin PBXBuildFile section */
		22C8AEE0B96E0526FAFD9567 /* Pods_BabylonPosts.framework in Frameworks */ = {isa = PBXBuildFile; fileRef = C8CBE206C47B291F8293C4EC /* Pods_BabylonPosts.framework */; };
		F0026E5E23366FA7003DF15B /* UIViewController+fromNib.swift in Sources */ = {isa = PBXBuildFile; fileRef = F0026E5D23366FA7003DF15B /* UIViewController+fromNib.swift */; };
		F0026E6623368037003DF15B /* PostCell.swift in Sources */ = {isa = PBXBuildFile; fileRef = F0026E6423368037003DF15B /* PostCell.swift */; };
		F0026E6723368037003DF15B /* PostCell.xib in Resources */ = {isa = PBXBuildFile; fileRef = F0026E6523368037003DF15B /* PostCell.xib */; };
		F0026E69233683C3003DF15B /* PostViewModel.swift in Sources */ = {isa = PBXBuildFile; fileRef = F0026E68233683C3003DF15B /* PostViewModel.swift */; };
		F0026E6B2336847B003DF15B /* DefaultPostViewModel.swift in Sources */ = {isa = PBXBuildFile; fileRef = F0026E6A2336847B003DF15B /* DefaultPostViewModel.swift */; };
		F0026E712336992F003DF15B /* User.swift in Sources */ = {isa = PBXBuildFile; fileRef = F0026E702336992F003DF15B /* User.swift */; };
		F0026E7323369970003DF15B /* Address.swift in Sources */ = {isa = PBXBuildFile; fileRef = F0026E7223369970003DF15B /* Address.swift */; };
		F0026E75233699B9003DF15B /* Geo.swift in Sources */ = {isa = PBXBuildFile; fileRef = F0026E74233699B9003DF15B /* Geo.swift */; };
		F0026E7723369A12003DF15B /* Company.swift in Sources */ = {isa = PBXBuildFile; fileRef = F0026E7623369A12003DF15B /* Company.swift */; };
		F0026E792336AB00003DF15B /* Comment.swift in Sources */ = {isa = PBXBuildFile; fileRef = F0026E782336AB00003DF15B /* Comment.swift */; };
		F0026E7B2336AEA4003DF15B /* PostDetailViewModel.swift in Sources */ = {isa = PBXBuildFile; fileRef = F0026E7A2336AEA4003DF15B /* PostDetailViewModel.swift */; };
		F0026E832336E3A3003DF15B /* PostsViewModel.swift in Sources */ = {isa = PBXBuildFile; fileRef = F06128EB2336452400E18665 /* PostsViewModel.swift */; };
		F0026E842336E3A6003DF15B /* DefaultPostsViewModel.swift in Sources */ = {isa = PBXBuildFile; fileRef = F0026E5F23367734003DF15B /* DefaultPostsViewModel.swift */; };
		F0026E852336E3AE003DF15B /* PostsViewController.xib in Resources */ = {isa = PBXBuildFile; fileRef = F06128E62336435500E18665 /* PostsViewController.xib */; };
		F0026E862336E3D2003DF15B /* PostsViewController.swift in Sources */ = {isa = PBXBuildFile; fileRef = F06128E52336435500E18665 /* PostsViewController.swift */; };
		F0026E8E2336E73B003DF15B /* NetworkService.swift in Sources */ = {isa = PBXBuildFile; fileRef = F0026E8D2336E73B003DF15B /* NetworkService.swift */; };
		F0026E902336E807003DF15B /* DefaultNetworkService.swift in Sources */ = {isa = PBXBuildFile; fileRef = F0026E8F2336E807003DF15B /* DefaultNetworkService.swift */; };
		F0026E922336EB23003DF15B /* Resource.swift in Sources */ = {isa = PBXBuildFile; fileRef = F0026E912336EB23003DF15B /* Resource.swift */; };
		F0026E942336EC2F003DF15B /* ServiceURL.swift in Sources */ = {isa = PBXBuildFile; fileRef = F0026E932336EC2F003DF15B /* ServiceURL.swift */; };
		F0026E962336FBFE003DF15B /* NetworkServiceError.swift in Sources */ = {isa = PBXBuildFile; fileRef = F0026E952336FBFE003DF15B /* NetworkServiceError.swift */; };
		F0026E9923370044003DF15B /* PostDetailViewController.swift in Sources */ = {isa = PBXBuildFile; fileRef = F0026E9723370044003DF15B /* PostDetailViewController.swift */; };
		F0026E9A23370044003DF15B /* PostDetailViewController.xib in Resources */ = {isa = PBXBuildFile; fileRef = F0026E9823370044003DF15B /* PostDetailViewController.xib */; };
		F0026E9C233701A7003DF15B /* DefaultPostDetailViewModel.swift in Sources */ = {isa = PBXBuildFile; fileRef = F0026E9B233701A7003DF15B /* DefaultPostDetailViewModel.swift */; };
		F0026EA42337E9B7003DF15B /* Storage.swift in Sources */ = {isa = PBXBuildFile; fileRef = F0026EA32337E9B7003DF15B /* Storage.swift */; };
		F0026EA62337EACE003DF15B /* StorageService.swift in Sources */ = {isa = PBXBuildFile; fileRef = F0026EA52337EACE003DF15B /* StorageService.swift */; };
		F0026EA82337EB20003DF15B /* DefaultStorageService.swift in Sources */ = {isa = PBXBuildFile; fileRef = F0026EA72337EB20003DF15B /* DefaultStorageService.swift */; };
		F0026EAB23380610003DF15B /* DataCoordinator.swift in Sources */ = {isa = PBXBuildFile; fileRef = F0026EAA23380610003DF15B /* DataCoordinator.swift */; };
		F0026EAD23380698003DF15B /* DefaultDataCoordinator.swift in Sources */ = {isa = PBXBuildFile; fileRef = F0026EAC23380698003DF15B /* DefaultDataCoordinator.swift */; };
		F06128B42336307F00E18665 /* AppDelegate.swift in Sources */ = {isa = PBXBuildFile; fileRef = F06128B32336307F00E18665 /* AppDelegate.swift */; };
		F06128BB2336308000E18665 /* Assets.xcassets in Resources */ = {isa = PBXBuildFile; fileRef = F06128BA2336308000E18665 /* Assets.xcassets */; };
		F06128BE2336308000E18665 /* LaunchScreen.storyboard in Resources */ = {isa = PBXBuildFile; fileRef = F06128BC2336308000E18665 /* LaunchScreen.storyboard */; };
		F06128EA233643A400E18665 /* Post.swift in Sources */ = {isa = PBXBuildFile; fileRef = F06128E9233643A400E18665 /* Post.swift */; };
		F08C1B3F233ACC1A00B18024 /* DefaultPostDetailViewModelTests.swift in Sources */ = {isa = PBXBuildFile; fileRef = F08C1B3E233ACC1A00B18024 /* DefaultPostDetailViewModelTests.swift */; };
		F08C1B41233AD7AE00B18024 /* AppNavigator.swift in Sources */ = {isa = PBXBuildFile; fileRef = F08C1B40233AD7AE00B18024 /* AppNavigator.swift */; };
		F08C1B43233AD7E800B18024 /* DefaultAppNavigator.swift in Sources */ = {isa = PBXBuildFile; fileRef = F08C1B42233AD7E800B18024 /* DefaultAppNavigator.swift */; };
		F08C1B45233AD87200B18024 /* ErrorAction.swift in Sources */ = {isa = PBXBuildFile; fileRef = F08C1B44233AD87200B18024 /* ErrorAction.swift */; };
		F08C1B48233AD8FA00B18024 /* PostsNavigator.swift in Sources */ = {isa = PBXBuildFile; fileRef = F08C1B47233AD8FA00B18024 /* PostsNavigator.swift */; };
		F08C1B4A233AD92300B18024 /* DefaultPostsNavigator.swift in Sources */ = {isa = PBXBuildFile; fileRef = F08C1B49233AD92300B18024 /* DefaultPostsNavigator.swift */; };
		F08C1B4D233ADACD00B18024 /* PostDetailNavigator.swift in Sources */ = {isa = PBXBuildFile; fileRef = F08C1B4C233ADACD00B18024 /* PostDetailNavigator.swift */; };
		F08C1B4F233ADAE500B18024 /* DefaultPostDetailNavigator.swift in Sources */ = {isa = PBXBuildFile; fileRef = F08C1B4E233ADAE500B18024 /* DefaultPostDetailNavigator.swift */; };
		F08C1B51233ADF2E00B18024 /* GenericNavigatorAlertController.swift in Sources */ = {isa = PBXBuildFile; fileRef = F08C1B50233ADF2E00B18024 /* GenericNavigatorAlertController.swift */; };
		F08C1B54233AE2BF00B18024 /* user_1.json in Resources */ = {isa = PBXBuildFile; fileRef = F08C1B53233AE2BF00B18024 /* user_1.json */; };
		F08C1B57233AE54700B18024 /* XCTestCase+GetAsset.swift in Sources */ = {isa = PBXBuildFile; fileRef = F08C1B56233AE54700B18024 /* XCTestCase+GetAsset.swift */; };
		F08C1B59233AE5F200B18024 /* comments_1.json in Resources */ = {isa = PBXBuildFile; fileRef = F08C1B58233AE5F200B18024 /* comments_1.json */; };
		F0A4512F2338312000FEAA79 /* CellTappable.swift in Sources */ = {isa = PBXBuildFile; fileRef = F0A4512B23382FB400FEAA79 /* CellTappable.swift */; };
		F0A45135233835D300FEAA79 /* Localizable.strings in Resources */ = {isa = PBXBuildFile; fileRef = F0A45133233835D300FEAA79 /* Localizable.strings */; };
		FACDF31F0872196EA5EC5BA0 /* Pods_BabylonPostsTests.framework in Frameworks */ = {isa = PBXBuildFile; fileRef = C249FB04437C559FFEDE6B7D /* Pods_BabylonPostsTests.framework */; };
/* End PBXBuildFile section */

/* Begin PBXContainerItemProxy section */
		F06128C52336308000E18665 /* PBXContainerItemProxy */ = {
			isa = PBXContainerItemProxy;
			containerPortal = F06128A82336307F00E18665 /* Project object */;
			proxyType = 1;
			remoteGlobalIDString = F06128AF2336307F00E18665;
			remoteInfo = Posts;
		};
/* End PBXContainerItemProxy section */

/* Begin PBXFileReference section */
		01B88ADE0E2DFD18EC2F1874 /* Pods-PostsUITests.release.xcconfig */ = {isa = PBXFileReference; includeInIndex = 1; lastKnownFileType = text.xcconfig; name = "Pods-PostsUITests.release.xcconfig"; path = "Target Support Files/Pods-PostsUITests/Pods-PostsUITests.release.xcconfig"; sourceTree = "<group>"; };
		1C77F36FEED9020BA04DAD23 /* Pods-PostsUITests.debug.xcconfig */ = {isa = PBXFileReference; includeInIndex = 1; lastKnownFileType = text.xcconfig; name = "Pods-PostsUITests.debug.xcconfig"; path = "Target Support Files/Pods-PostsUITests/Pods-PostsUITests.debug.xcconfig"; sourceTree = "<group>"; };
		56C8EB1774E065D177581425 /* Pods-PostsTests.debug.xcconfig */ = {isa = PBXFileReference; includeInIndex = 1; lastKnownFileType = text.xcconfig; name = "Pods-PostsTests.debug.xcconfig"; path = "Target Support Files/Pods-PostsTests/Pods-PostsTests.debug.xcconfig"; sourceTree = "<group>"; };
		59E56EFDF33EDDB3E984672B /* Pods-BabylonPostsTests.release.xcconfig */ = {isa = PBXFileReference; includeInIndex = 1; lastKnownFileType = text.xcconfig; name = "Pods-BabylonPostsTests.release.xcconfig"; path = "Target Support Files/Pods-BabylonPostsTests/Pods-BabylonPostsTests.release.xcconfig"; sourceTree = "<group>"; };
		6018C06F77DEED8D512FFF8E /* Pods-BabylonPostsUITests.debug.xcconfig */ = {isa = PBXFileReference; includeInIndex = 1; lastKnownFileType = text.xcconfig; name = "Pods-BabylonPostsUITests.debug.xcconfig"; path = "Target Support Files/Pods-BabylonPostsUITests/Pods-BabylonPostsUITests.debug.xcconfig"; sourceTree = "<group>"; };
		72BF402CC678AB363CB72A49 /* Pods_BabylonPostsUITests.framework */ = {isa = PBXFileReference; explicitFileType = wrapper.framework; includeInIndex = 0; path = Pods_BabylonPostsUITests.framework; sourceTree = BUILT_PRODUCTS_DIR; };
		A322EC3C1F45EA590B865363 /* Pods-Posts.release.xcconfig */ = {isa = PBXFileReference; includeInIndex = 1; lastKnownFileType = text.xcconfig; name = "Pods-Posts.release.xcconfig"; path = "Target Support Files/Pods-Posts/Pods-Posts.release.xcconfig"; sourceTree = "<group>"; };
		AB91D2D263CCA233E0967DA7 /* Pods-BabylonPosts.release.xcconfig */ = {isa = PBXFileReference; includeInIndex = 1; lastKnownFileType = text.xcconfig; name = "Pods-BabylonPosts.release.xcconfig"; path = "Target Support Files/Pods-BabylonPosts/Pods-BabylonPosts.release.xcconfig"; sourceTree = "<group>"; };
		ADCF2B278C664BF88F2BAB1C /* Pods-Posts.debug.xcconfig */ = {isa = PBXFileReference; includeInIndex = 1; lastKnownFileType = text.xcconfig; name = "Pods-Posts.debug.xcconfig"; path = "Target Support Files/Pods-Posts/Pods-Posts.debug.xcconfig"; sourceTree = "<group>"; };
		B236FFC4F56578C12CE65001 /* Pods-BabylonPostsTests.debug.xcconfig */ = {isa = PBXFileReference; includeInIndex = 1; lastKnownFileType = text.xcconfig; name = "Pods-BabylonPostsTests.debug.xcconfig"; path = "Target Support Files/Pods-BabylonPostsTests/Pods-BabylonPostsTests.debug.xcconfig"; sourceTree = "<group>"; };
		B8B62EF7B2D670B75D78B441 /* Pods-BabylonPostsUITests.release.xcconfig */ = {isa = PBXFileReference; includeInIndex = 1; lastKnownFileType = text.xcconfig; name = "Pods-BabylonPostsUITests.release.xcconfig"; path = "Target Support Files/Pods-BabylonPostsUITests/Pods-BabylonPostsUITests.release.xcconfig"; sourceTree = "<group>"; };
		C249FB04437C559FFEDE6B7D /* Pods_BabylonPostsTests.framework */ = {isa = PBXFileReference; explicitFileType = wrapper.framework; includeInIndex = 0; path = Pods_BabylonPostsTests.framework; sourceTree = BUILT_PRODUCTS_DIR; };
		C8CBE206C47B291F8293C4EC /* Pods_BabylonPosts.framework */ = {isa = PBXFileReference; explicitFileType = wrapper.framework; includeInIndex = 0; path = Pods_BabylonPosts.framework; sourceTree = BUILT_PRODUCTS_DIR; };
		CE2F8EA69AEFCC2DB7798D73 /* Pods-BabylonPosts.debug.xcconfig */ = {isa = PBXFileReference; includeInIndex = 1; lastKnownFileType = text.xcconfig; name = "Pods-BabylonPosts.debug.xcconfig"; path = "Target Support Files/Pods-BabylonPosts/Pods-BabylonPosts.debug.xcconfig"; sourceTree = "<group>"; };
		F0026E5D23366FA7003DF15B /* UIViewController+fromNib.swift */ = {isa = PBXFileReference; lastKnownFileType = sourcecode.swift; path = "UIViewController+fromNib.swift"; sourceTree = "<group>"; };
		F0026E5F23367734003DF15B /* DefaultPostsViewModel.swift */ = {isa = PBXFileReference; lastKnownFileType = sourcecode.swift; path = DefaultPostsViewModel.swift; sourceTree = "<group>"; };
		F0026E6423368037003DF15B /* PostCell.swift */ = {isa = PBXFileReference; lastKnownFileType = sourcecode.swift; path = PostCell.swift; sourceTree = "<group>"; };
		F0026E6523368037003DF15B /* PostCell.xib */ = {isa = PBXFileReference; lastKnownFileType = file.xib; path = PostCell.xib; sourceTree = "<group>"; };
		F0026E68233683C3003DF15B /* PostViewModel.swift */ = {isa = PBXFileReference; lastKnownFileType = sourcecode.swift; path = PostViewModel.swift; sourceTree = "<group>"; };
		F0026E6A2336847B003DF15B /* DefaultPostViewModel.swift */ = {isa = PBXFileReference; lastKnownFileType = sourcecode.swift; path = DefaultPostViewModel.swift; sourceTree = "<group>"; };
		F0026E702336992F003DF15B /* User.swift */ = {isa = PBXFileReference; lastKnownFileType = sourcecode.swift; path = User.swift; sourceTree = "<group>"; };
		F0026E7223369970003DF15B /* Address.swift */ = {isa = PBXFileReference; lastKnownFileType = sourcecode.swift; path = Address.swift; sourceTree = "<group>"; };
		F0026E74233699B9003DF15B /* Geo.swift */ = {isa = PBXFileReference; lastKnownFileType = sourcecode.swift; path = Geo.swift; sourceTree = "<group>"; };
		F0026E7623369A12003DF15B /* Company.swift */ = {isa = PBXFileReference; lastKnownFileType = sourcecode.swift; path = Company.swift; sourceTree = "<group>"; };
		F0026E782336AB00003DF15B /* Comment.swift */ = {isa = PBXFileReference; lastKnownFileType = sourcecode.swift; path = Comment.swift; sourceTree = "<group>"; };
		F0026E7A2336AEA4003DF15B /* PostDetailViewModel.swift */ = {isa = PBXFileReference; lastKnownFileType = sourcecode.swift; path = PostDetailViewModel.swift; sourceTree = "<group>"; };
		F0026E8D2336E73B003DF15B /* NetworkService.swift */ = {isa = PBXFileReference; lastKnownFileType = sourcecode.swift; path = NetworkService.swift; sourceTree = "<group>"; };
		F0026E8F2336E807003DF15B /* DefaultNetworkService.swift */ = {isa = PBXFileReference; lastKnownFileType = sourcecode.swift; path = DefaultNetworkService.swift; sourceTree = "<group>"; };
		F0026E912336EB23003DF15B /* Resource.swift */ = {isa = PBXFileReference; lastKnownFileType = sourcecode.swift; path = Resource.swift; sourceTree = "<group>"; };
		F0026E932336EC2F003DF15B /* ServiceURL.swift */ = {isa = PBXFileReference; lastKnownFileType = sourcecode.swift; path = ServiceURL.swift; sourceTree = "<group>"; };
		F0026E952336FBFE003DF15B /* NetworkServiceError.swift */ = {isa = PBXFileReference; lastKnownFileType = sourcecode.swift; path = NetworkServiceError.swift; sourceTree = "<group>"; };
		F0026E9723370044003DF15B /* PostDetailViewController.swift */ = {isa = PBXFileReference; lastKnownFileType = sourcecode.swift; path = PostDetailViewController.swift; sourceTree = "<group>"; };
		F0026E9823370044003DF15B /* PostDetailViewController.xib */ = {isa = PBXFileReference; lastKnownFileType = file.xib; path = PostDetailViewController.xib; sourceTree = "<group>"; };
		F0026E9B233701A7003DF15B /* DefaultPostDetailViewModel.swift */ = {isa = PBXFileReference; lastKnownFileType = sourcecode.swift; path = DefaultPostDetailViewModel.swift; sourceTree = "<group>"; };
		F0026EA32337E9B7003DF15B /* Storage.swift */ = {isa = PBXFileReference; lastKnownFileType = sourcecode.swift; path = Storage.swift; sourceTree = "<group>"; };
		F0026EA52337EACE003DF15B /* StorageService.swift */ = {isa = PBXFileReference; lastKnownFileType = sourcecode.swift; path = StorageService.swift; sourceTree = "<group>"; };
		F0026EA72337EB20003DF15B /* DefaultStorageService.swift */ = {isa = PBXFileReference; lastKnownFileType = sourcecode.swift; path = DefaultStorageService.swift; sourceTree = "<group>"; };
		F0026EAA23380610003DF15B /* DataCoordinator.swift */ = {isa = PBXFileReference; lastKnownFileType = sourcecode.swift; path = DataCoordinator.swift; sourceTree = "<group>"; };
		F0026EAC23380698003DF15B /* DefaultDataCoordinator.swift */ = {isa = PBXFileReference; lastKnownFileType = sourcecode.swift; path = DefaultDataCoordinator.swift; sourceTree = "<group>"; };
		F06128B02336307F00E18665 /* BabylonPosts.app */ = {isa = PBXFileReference; explicitFileType = wrapper.application; includeInIndex = 0; path = BabylonPosts.app; sourceTree = BUILT_PRODUCTS_DIR; };
		F06128B32336307F00E18665 /* AppDelegate.swift */ = {isa = PBXFileReference; lastKnownFileType = sourcecode.swift; path = AppDelegate.swift; sourceTree = "<group>"; };
		F06128BA2336308000E18665 /* Assets.xcassets */ = {isa = PBXFileReference; lastKnownFileType = folder.assetcatalog; path = Assets.xcassets; sourceTree = "<group>"; };
		F06128BD2336308000E18665 /* Base */ = {isa = PBXFileReference; lastKnownFileType = file.storyboard; name = Base; path = Base.lproj/LaunchScreen.storyboard; sourceTree = "<group>"; };
		F06128BF2336308000E18665 /* Info.plist */ = {isa = PBXFileReference; lastKnownFileType = text.plist.xml; path = Info.plist; sourceTree = "<group>"; };
		F06128C42336308000E18665 /* BabylonPostsTests.xctest */ = {isa = PBXFileReference; explicitFileType = wrapper.cfbundle; includeInIndex = 0; path = BabylonPostsTests.xctest; sourceTree = BUILT_PRODUCTS_DIR; };
		F06128CA2336308000E18665 /* Info.plist */ = {isa = PBXFileReference; lastKnownFileType = text.plist.xml; path = Info.plist; sourceTree = "<group>"; };
		F06128E52336435500E18665 /* PostsViewController.swift */ = {isa = PBXFileReference; lastKnownFileType = sourcecode.swift; path = PostsViewController.swift; sourceTree = "<group>"; };
		F06128E62336435500E18665 /* PostsViewController.xib */ = {isa = PBXFileReference; lastKnownFileType = file.xib; path = PostsViewController.xib; sourceTree = "<group>"; };
		F06128E9233643A400E18665 /* Post.swift */ = {isa = PBXFileReference; lastKnownFileType = sourcecode.swift; path = Post.swift; sourceTree = "<group>"; };
		F06128EB2336452400E18665 /* PostsViewModel.swift */ = {isa = PBXFileReference; lastKnownFileType = sourcecode.swift; path = PostsViewModel.swift; sourceTree = "<group>"; };
		F08C1B3E233ACC1A00B18024 /* DefaultPostDetailViewModelTests.swift */ = {isa = PBXFileReference; lastKnownFileType = sourcecode.swift; path = DefaultPostDetailViewModelTests.swift; sourceTree = "<group>"; };
		F08C1B40233AD7AE00B18024 /* AppNavigator.swift */ = {isa = PBXFileReference; lastKnownFileType = sourcecode.swift; path = AppNavigator.swift; sourceTree = "<group>"; };
		F08C1B42233AD7E800B18024 /* DefaultAppNavigator.swift */ = {isa = PBXFileReference; lastKnownFileType = sourcecode.swift; path = DefaultAppNavigator.swift; sourceTree = "<group>"; };
		F08C1B44233AD87200B18024 /* ErrorAction.swift */ = {isa = PBXFileReference; lastKnownFileType = sourcecode.swift; path = ErrorAction.swift; sourceTree = "<group>"; };
		F08C1B47233AD8FA00B18024 /* PostsNavigator.swift */ = {isa = PBXFileReference; lastKnownFileType = sourcecode.swift; path = PostsNavigator.swift; sourceTree = "<group>"; };
		F08C1B49233AD92300B18024 /* DefaultPostsNavigator.swift */ = {isa = PBXFileReference; lastKnownFileType = sourcecode.swift; path = DefaultPostsNavigator.swift; sourceTree = "<group>"; };
		F08C1B4C233ADACD00B18024 /* PostDetailNavigator.swift */ = {isa = PBXFileReference; lastKnownFileType = sourcecode.swift; path = PostDetailNavigator.swift; sourceTree = "<group>"; };
		F08C1B4E233ADAE500B18024 /* DefaultPostDetailNavigator.swift */ = {isa = PBXFileReference; lastKnownFileType = sourcecode.swift; path = DefaultPostDetailNavigator.swift; sourceTree = "<group>"; };
		F08C1B50233ADF2E00B18024 /* GenericNavigatorAlertController.swift */ = {isa = PBXFileReference; lastKnownFileType = sourcecode.swift; path = GenericNavigatorAlertController.swift; sourceTree = "<group>"; };
		F08C1B53233AE2BF00B18024 /* user_1.json */ = {isa = PBXFileReference; fileEncoding = 4; lastKnownFileType = text.json; path = user_1.json; sourceTree = "<group>"; };
		F08C1B56233AE54700B18024 /* XCTestCase+GetAsset.swift */ = {isa = PBXFileReference; lastKnownFileType = sourcecode.swift; path = "XCTestCase+GetAsset.swift"; sourceTree = "<group>"; };
		F08C1B58233AE5F200B18024 /* comments_1.json */ = {isa = PBXFileReference; fileEncoding = 4; lastKnownFileType = text.json; path = comments_1.json; sourceTree = "<group>"; };
		F0A4512B23382FB400FEAA79 /* CellTappable.swift */ = {isa = PBXFileReference; lastKnownFileType = sourcecode.swift; path = CellTappable.swift; sourceTree = "<group>"; };
		F0A45134233835D300FEAA79 /* Base */ = {isa = PBXFileReference; lastKnownFileType = text.plist.strings; name = Base; path = BabylonPosts/Base.lproj/Localizable.strings; sourceTree = "<group>"; };
		FA1F5E433FC872428EAFFCEA /* Pods-PostsTests.release.xcconfig */ = {isa = PBXFileReference; includeInIndex = 1; lastKnownFileType = text.xcconfig; name = "Pods-PostsTests.release.xcconfig"; path = "Target Support Files/Pods-PostsTests/Pods-PostsTests.release.xcconfig"; sourceTree = "<group>"; };
/* End PBXFileReference section */

/* Begin PBXFrameworksBuildPhase section */
		F06128AD2336307F00E18665 /* Frameworks */ = {
			isa = PBXFrameworksBuildPhase;
			buildActionMask = 2147483647;
			files = (
				22C8AEE0B96E0526FAFD9567 /* Pods_BabylonPosts.framework in Frameworks */,
			);
			runOnlyForDeploymentPostprocessing = 0;
		};
		F06128C12336308000E18665 /* Frameworks */ = {
			isa = PBXFrameworksBuildPhase;
			buildActionMask = 2147483647;
			files = (
				FACDF31F0872196EA5EC5BA0 /* Pods_BabylonPostsTests.framework in Frameworks */,
			);
			runOnlyForDeploymentPostprocessing = 0;
		};
/* End PBXFrameworksBuildPhase section */

/* Begin PBXGroup section */
		3CC53411E13E393A3C08EFC8 /* Pods */ = {
			isa = PBXGroup;
			children = (
				ADCF2B278C664BF88F2BAB1C /* Pods-Posts.debug.xcconfig */,
				A322EC3C1F45EA590B865363 /* Pods-Posts.release.xcconfig */,
				56C8EB1774E065D177581425 /* Pods-PostsTests.debug.xcconfig */,
				FA1F5E433FC872428EAFFCEA /* Pods-PostsTests.release.xcconfig */,
				1C77F36FEED9020BA04DAD23 /* Pods-PostsUITests.debug.xcconfig */,
				01B88ADE0E2DFD18EC2F1874 /* Pods-PostsUITests.release.xcconfig */,
				CE2F8EA69AEFCC2DB7798D73 /* Pods-BabylonPosts.debug.xcconfig */,
				AB91D2D263CCA233E0967DA7 /* Pods-BabylonPosts.release.xcconfig */,
				B236FFC4F56578C12CE65001 /* Pods-BabylonPostsTests.debug.xcconfig */,
				59E56EFDF33EDDB3E984672B /* Pods-BabylonPostsTests.release.xcconfig */,
				6018C06F77DEED8D512FFF8E /* Pods-BabylonPostsUITests.debug.xcconfig */,
				B8B62EF7B2D670B75D78B441 /* Pods-BabylonPostsUITests.release.xcconfig */,
			);
			path = Pods;
			sourceTree = "<group>";
		};
		8C261B9CC8F844F6B3DC86C5 /* Frameworks */ = {
			isa = PBXGroup;
			children = (
				C8CBE206C47B291F8293C4EC /* Pods_BabylonPosts.framework */,
				C249FB04437C559FFEDE6B7D /* Pods_BabylonPostsTests.framework */,
				72BF402CC678AB363CB72A49 /* Pods_BabylonPostsUITests.framework */,
			);
			name = Frameworks;
			sourceTree = "<group>";
		};
		F0026E5C23366F8F003DF15B /* Shared */ = {
			isa = PBXGroup;
			children = (
				F0A4512D23382FBA00FEAA79 /* Protocols */,
				F0026E5D23366FA7003DF15B /* UIViewController+fromNib.swift */,
			);
			path = Shared;
			sourceTree = "<group>";
		};
		F0026E632336800B003DF15B /* Cell */ = {
			isa = PBXGroup;
			children = (
				F0026E6423368037003DF15B /* PostCell.swift */,
				F0026E6523368037003DF15B /* PostCell.xib */,
			);
			path = Cell;
			sourceTree = "<group>";
		};
		F0026E6C233698F8003DF15B /* PostDetail */ = {
			isa = PBXGroup;
			children = (
				F08C1B4B233ADAB700B18024 /* Navigators */,
				F0026E6E23369908003DF15B /* ViewModel */,
				F0026E6D23369902003DF15B /* UI */,
			);
			path = PostDetail;
			sourceTree = "<group>";
		};
		F0026E6D23369902003DF15B /* UI */ = {
			isa = PBXGroup;
			children = (
				F0026E9723370044003DF15B /* PostDetailViewController.swift */,
				F0026E9823370044003DF15B /* PostDetailViewController.xib */,
			);
			path = UI;
			sourceTree = "<group>";
		};
		F0026E6E23369908003DF15B /* ViewModel */ = {
			isa = PBXGroup;
			children = (
				F0026E7A2336AEA4003DF15B /* PostDetailViewModel.swift */,
				F0026E9B233701A7003DF15B /* DefaultPostDetailViewModel.swift */,
			);
			path = ViewModel;
			sourceTree = "<group>";
		};
		F0026E7C2336DB34003DF15B /* DataManager */ = {
			isa = PBXGroup;
			children = (
				F0026EA9233805E7003DF15B /* DataCoordinator */,
				F0026EA22337E9A5003DF15B /* Persistance */,
				F0026E8C2336E6D8003DF15B /* Network */,
				F0026E7E2336DB69003DF15B /* API */,
				F0026E7D2336DB46003DF15B /* Models */,
			);
			path = DataManager;
			sourceTree = "<group>";
		};
		F0026E7D2336DB46003DF15B /* Models */ = {
			isa = PBXGroup;
			children = (
				F0026E702336992F003DF15B /* User.swift */,
				F0026E7223369970003DF15B /* Address.swift */,
				F0026E74233699B9003DF15B /* Geo.swift */,
				F0026E7623369A12003DF15B /* Company.swift */,
				F0026E782336AB00003DF15B /* Comment.swift */,
				F06128E9233643A400E18665 /* Post.swift */,
			);
			path = Models;
			sourceTree = "<group>";
		};
		F0026E7E2336DB69003DF15B /* API */ = {
			isa = PBXGroup;
			children = (
				F0026E912336EB23003DF15B /* Resource.swift */,
				F0026E932336EC2F003DF15B /* ServiceURL.swift */,
			);
			path = API;
			sourceTree = "<group>";
		};
		F0026E812336E2A5003DF15B /* UseCases */ = {
			isa = PBXGroup;
			children = (
				F06128E12336432000E18665 /* Posts */,
				F0026E6C233698F8003DF15B /* PostDetail */,
			);
			path = UseCases;
			sourceTree = "<group>";
		};
		F0026E8C2336E6D8003DF15B /* Network */ = {
			isa = PBXGroup;
			children = (
				F0026E8D2336E73B003DF15B /* NetworkService.swift */,
				F0026E8F2336E807003DF15B /* DefaultNetworkService.swift */,
				F0026E952336FBFE003DF15B /* NetworkServiceError.swift */,
			);
			path = Network;
			sourceTree = "<group>";
		};
		F0026EA22337E9A5003DF15B /* Persistance */ = {
			isa = PBXGroup;
			children = (
				F0026EA32337E9B7003DF15B /* Storage.swift */,
				F0026EA52337EACE003DF15B /* StorageService.swift */,
				F0026EA72337EB20003DF15B /* DefaultStorageService.swift */,
			);
			path = Persistance;
			sourceTree = "<group>";
		};
		F0026EA9233805E7003DF15B /* DataCoordinator */ = {
			isa = PBXGroup;
			children = (
				F0026EAA23380610003DF15B /* DataCoordinator.swift */,
				F0026EAC23380698003DF15B /* DefaultDataCoordinator.swift */,
			);
			path = DataCoordinator;
			sourceTree = "<group>";
		};
		F06128A72336307F00E18665 = {
			isa = PBXGroup;
			children = (
				F0A45133233835D300FEAA79 /* Localizable.strings */,
				F06128B22336307F00E18665 /* BabylonPosts */,
				F06128C72336308000E18665 /* BabylonPostsTests */,
				F06128B12336307F00E18665 /* Products */,
				3CC53411E13E393A3C08EFC8 /* Pods */,
				8C261B9CC8F844F6B3DC86C5 /* Frameworks */,
			);
			sourceTree = "<group>";
		};
		F06128B12336307F00E18665 /* Products */ = {
			isa = PBXGroup;
			children = (
				F06128B02336307F00E18665 /* BabylonPosts.app */,
				F06128C42336308000E18665 /* BabylonPostsTests.xctest */,
			);
			name = Products;
			sourceTree = "<group>";
		};
		F06128B22336307F00E18665 /* BabylonPosts */ = {
			isa = PBXGroup;
			children = (
				F0026E812336E2A5003DF15B /* UseCases */,
				F0026E7C2336DB34003DF15B /* DataManager */,
				F06128ED2336466C00E18665 /* Navigators */,
				F0026E5C23366F8F003DF15B /* Shared */,
				F06128B32336307F00E18665 /* AppDelegate.swift */,
				F06128BA2336308000E18665 /* Assets.xcassets */,
				F06128BC2336308000E18665 /* LaunchScreen.storyboard */,
				F06128BF2336308000E18665 /* Info.plist */,
			);
			path = BabylonPosts;
			sourceTree = "<group>";
		};
		F06128C72336308000E18665 /* BabylonPostsTests */ = {
			isa = PBXGroup;
			children = (
				F08C1B55233AE53100B18024 /* Shared */,
				F08C1B52233AE2A200B18024 /* MockAssets */,
				F06128CA2336308000E18665 /* Info.plist */,
				F08C1B3E233ACC1A00B18024 /* DefaultPostDetailViewModelTests.swift */,
			);
			path = BabylonPostsTests;
			sourceTree = "<group>";
		};
		F06128E12336432000E18665 /* Posts */ = {
			isa = PBXGroup;
			children = (
				F08C1B46233AD8C300B18024 /* Navigators */,
				F06128E32336433000E18665 /* ViewModel */,
				F06128E22336432A00E18665 /* UI */,
			);
			path = Posts;
			sourceTree = "<group>";
		};
		F06128E22336432A00E18665 /* UI */ = {
			isa = PBXGroup;
			children = (
				F0026E632336800B003DF15B /* Cell */,
				F06128E52336435500E18665 /* PostsViewController.swift */,
				F06128E62336435500E18665 /* PostsViewController.xib */,
			);
			path = UI;
			sourceTree = "<group>";
		};
		F06128E32336433000E18665 /* ViewModel */ = {
			isa = PBXGroup;
			children = (
				F06128EB2336452400E18665 /* PostsViewModel.swift */,
				F0026E5F23367734003DF15B /* DefaultPostsViewModel.swift */,
				F0026E68233683C3003DF15B /* PostViewModel.swift */,
				F0026E6A2336847B003DF15B /* DefaultPostViewModel.swift */,
			);
			path = ViewModel;
			sourceTree = "<group>";
		};
		F06128ED2336466C00E18665 /* Navigators */ = {
			isa = PBXGroup;
			children = (
				F08C1B40233AD7AE00B18024 /* AppNavigator.swift */,
				F08C1B42233AD7E800B18024 /* DefaultAppNavigator.swift */,
				F08C1B44233AD87200B18024 /* ErrorAction.swift */,
				F08C1B50233ADF2E00B18024 /* GenericNavigatorAlertController.swift */,
			);
			path = Navigators;
			sourceTree = "<group>";
		};
		F08C1B46233AD8C300B18024 /* Navigators */ = {
			isa = PBXGroup;
			children = (
				F08C1B47233AD8FA00B18024 /* PostsNavigator.swift */,
				F08C1B49233AD92300B18024 /* DefaultPostsNavigator.swift */,
			);
			path = Navigators;
			sourceTree = "<group>";
		};
		F08C1B4B233ADAB700B18024 /* Navigators */ = {
			isa = PBXGroup;
			children = (
				F08C1B4C233ADACD00B18024 /* PostDetailNavigator.swift */,
				F08C1B4E233ADAE500B18024 /* DefaultPostDetailNavigator.swift */,
			);
			path = Navigators;
			sourceTree = "<group>";
		};
		F08C1B52233AE2A200B18024 /* MockAssets */ = {
			isa = PBXGroup;
			children = (
				F08C1B58233AE5F200B18024 /* comments_1.json */,
				F08C1B53233AE2BF00B18024 /* user_1.json */,
			);
			path = MockAssets;
			sourceTree = "<group>";
		};
		F08C1B55233AE53100B18024 /* Shared */ = {
			isa = PBXGroup;
			children = (
				F08C1B56233AE54700B18024 /* XCTestCase+GetAsset.swift */,
			);
			path = Shared;
			sourceTree = "<group>";
		};
		F0A4512D23382FBA00FEAA79 /* Protocols */ = {
			isa = PBXGroup;
			children = (
				F0A4512B23382FB400FEAA79 /* CellTappable.swift */,
			);
			path = Protocols;
			sourceTree = "<group>";
		};
/* End PBXGroup section */

/* Begin PBXNativeTarget section */
		F06128AF2336307F00E18665 /* BabylonPosts */ = {
			isa = PBXNativeTarget;
			buildConfigurationList = F06128D82336308000E18665 /* Build configuration list for PBXNativeTarget "BabylonPosts" */;
			buildPhases = (
				E62B1BB19094E9CB325D4EA3 /* [CP] Check Pods Manifest.lock */,
				F06128AC2336307F00E18665 /* Sources */,
				F06128AD2336307F00E18665 /* Frameworks */,
				F06128AE2336307F00E18665 /* Resources */,
				F0026E5B23366D4F003DF15B /* SwiftLint */,
				891E6EC94C5078C6F7998722 /* [CP] Embed Pods Frameworks */,
			);
			buildRules = (
			);
			dependencies = (
			);
			name = BabylonPosts;
			productName = Posts;
			productReference = F06128B02336307F00E18665 /* BabylonPosts.app */;
			productType = "com.apple.product-type.application";
		};
		F06128C32336308000E18665 /* BabylonPostsTests */ = {
			isa = PBXNativeTarget;
			buildConfigurationList = F06128DB2336308000E18665 /* Build configuration list for PBXNativeTarget "BabylonPostsTests" */;
			buildPhases = (
				46A2BC4D3D0322EBE44381BA /* [CP] Check Pods Manifest.lock */,
				F06128C02336308000E18665 /* Sources */,
				F06128C12336308000E18665 /* Frameworks */,
				F06128C22336308000E18665 /* Resources */,
			);
			buildRules = (
			);
			dependencies = (
				F06128C62336308000E18665 /* PBXTargetDependency */,
			);
			name = BabylonPostsTests;
			productName = PostsTests;
			productReference = F06128C42336308000E18665 /* BabylonPostsTests.xctest */;
			productType = "com.apple.product-type.bundle.unit-test";
		};
/* End PBXNativeTarget section */

/* Begin PBXProject section */
		F06128A82336307F00E18665 /* Project object */ = {
			isa = PBXProject;
			attributes = {
				LastSwiftUpdateCheck = 1030;
				LastUpgradeCheck = 1030;
				ORGANIZATIONNAME = "Li Linyu";
				TargetAttributes = {
					F06128AF2336307F00E18665 = {
						CreatedOnToolsVersion = 10.3;
					};
					F06128C32336308000E18665 = {
						CreatedOnToolsVersion = 10.3;
						TestTargetID = F06128AF2336307F00E18665;
					};
				};
			};
			buildConfigurationList = F06128AB2336307F00E18665 /* Build configuration list for PBXProject "BabylonPosts" */;
			compatibilityVersion = "Xcode 9.3";
			developmentRegion = en;
			hasScannedForEncodings = 0;
			knownRegions = (
				en,
				Base,
			);
			mainGroup = F06128A72336307F00E18665;
			productRefGroup = F06128B12336307F00E18665 /* Products */;
			projectDirPath = "";
			projectRoot = "";
			targets = (
				F06128AF2336307F00E18665 /* BabylonPosts */,
				F06128C32336308000E18665 /* BabylonPostsTests */,
			);
		};
/* End PBXProject section */

/* Begin PBXResourcesBuildPhase section */
		F06128AE2336307F00E18665 /* Resources */ = {
			isa = PBXResourcesBuildPhase;
			buildActionMask = 2147483647;
			files = (
				F0026E852336E3AE003DF15B /* PostsViewController.xib in Resources */,
				F0A45135233835D300FEAA79 /* Localizable.strings in Resources */,
				F06128BE2336308000E18665 /* LaunchScreen.storyboard in Resources */,
				F0026E9A23370044003DF15B /* PostDetailViewController.xib in Resources */,
				F06128BB2336308000E18665 /* Assets.xcassets in Resources */,
				F0026E6723368037003DF15B /* PostCell.xib in Resources */,
			);
			runOnlyForDeploymentPostprocessing = 0;
		};
		F06128C22336308000E18665 /* Resources */ = {
			isa = PBXResourcesBuildPhase;
			buildActionMask = 2147483647;
			files = (
				F08C1B54233AE2BF00B18024 /* user_1.json in Resources */,
				F08C1B59233AE5F200B18024 /* comments_1.json in Resources */,
			);
			runOnlyForDeploymentPostprocessing = 0;
		};
/* End PBXResourcesBuildPhase section */

/* Begin PBXShellScriptBuildPhase section */
		46A2BC4D3D0322EBE44381BA /* [CP] Check Pods Manifest.lock */ = {
			isa = PBXShellScriptBuildPhase;
			buildActionMask = 2147483647;
			files = (
			);
			inputFileListPaths = (
			);
			inputPaths = (
				"${PODS_PODFILE_DIR_PATH}/Podfile.lock",
				"${PODS_ROOT}/Manifest.lock",
			);
			name = "[CP] Check Pods Manifest.lock";
			outputFileListPaths = (
			);
			outputPaths = (
				"$(DERIVED_FILE_DIR)/Pods-BabylonPostsTests-checkManifestLockResult.txt",
			);
			runOnlyForDeploymentPostprocessing = 0;
			shellPath = /bin/sh;
			shellScript = "diff \"${PODS_PODFILE_DIR_PATH}/Podfile.lock\" \"${PODS_ROOT}/Manifest.lock\" > /dev/null\nif [ $? != 0 ] ; then\n    # print error to STDERR\n    echo \"error: The sandbox is not in sync with the Podfile.lock. Run 'pod install' or update your CocoaPods installation.\" >&2\n    exit 1\nfi\n# This output is used by Xcode 'outputs' to avoid re-running this script phase.\necho \"SUCCESS\" > \"${SCRIPT_OUTPUT_FILE_0}\"\n";
			showEnvVarsInLog = 0;
		};
		891E6EC94C5078C6F7998722 /* [CP] Embed Pods Frameworks */ = {
			isa = PBXShellScriptBuildPhase;
			buildActionMask = 2147483647;
			files = (
			);
			inputFileListPaths = (
				"${PODS_ROOT}/Target Support Files/Pods-BabylonPosts/Pods-BabylonPosts-frameworks-${CONFIGURATION}-input-files.xcfilelist",
			);
			name = "[CP] Embed Pods Frameworks";
			outputFileListPaths = (
				"${PODS_ROOT}/Target Support Files/Pods-BabylonPosts/Pods-BabylonPosts-frameworks-${CONFIGURATION}-output-files.xcfilelist",
			);
			runOnlyForDeploymentPostprocessing = 0;
			shellPath = /bin/sh;
			shellScript = "\"${PODS_ROOT}/Target Support Files/Pods-BabylonPosts/Pods-BabylonPosts-frameworks.sh\"\n";
			showEnvVarsInLog = 0;
		};
		E62B1BB19094E9CB325D4EA3 /* [CP] Check Pods Manifest.lock */ = {
			isa = PBXShellScriptBuildPhase;
			buildActionMask = 2147483647;
			files = (
			);
			inputFileListPaths = (
			);
			inputPaths = (
				"${PODS_PODFILE_DIR_PATH}/Podfile.lock",
				"${PODS_ROOT}/Manifest.lock",
			);
			name = "[CP] Check Pods Manifest.lock";
			outputFileListPaths = (
			);
			outputPaths = (
				"$(DERIVED_FILE_DIR)/Pods-BabylonPosts-checkManifestLockResult.txt",
			);
			runOnlyForDeploymentPostprocessing = 0;
			shellPath = /bin/sh;
			shellScript = "diff \"${PODS_PODFILE_DIR_PATH}/Podfile.lock\" \"${PODS_ROOT}/Manifest.lock\" > /dev/null\nif [ $? != 0 ] ; then\n    # print error to STDERR\n    echo \"error: The sandbox is not in sync with the Podfile.lock. Run 'pod install' or update your CocoaPods installation.\" >&2\n    exit 1\nfi\n# This output is used by Xcode 'outputs' to avoid re-running this script phase.\necho \"SUCCESS\" > \"${SCRIPT_OUTPUT_FILE_0}\"\n";
			showEnvVarsInLog = 0;
		};
		F0026E5B23366D4F003DF15B /* SwiftLint */ = {
			isa = PBXShellScriptBuildPhase;
			buildActionMask = 2147483647;
			files = (
			);
			inputFileListPaths = (
			);
			inputPaths = (
			);
			name = SwiftLint;
			outputFileListPaths = (
			);
			outputPaths = (
			);
			runOnlyForDeploymentPostprocessing = 0;
			shellPath = /bin/sh;
			shellScript = "\"${PODS_ROOT}/SwiftLint/swiftlint\"\n";
		};
/* End PBXShellScriptBuildPhase section */

/* Begin PBXSourcesBuildPhase section */
		F06128AC2336307F00E18665 /* Sources */ = {
			isa = PBXSourcesBuildPhase;
			buildActionMask = 2147483647;
			files = (
				F08C1B4F233ADAE500B18024 /* DefaultPostDetailNavigator.swift in Sources */,
				F0026E712336992F003DF15B /* User.swift in Sources */,
				F08C1B41233AD7AE00B18024 /* AppNavigator.swift in Sources */,
				F0026E9923370044003DF15B /* PostDetailViewController.swift in Sources */,
				F0026E962336FBFE003DF15B /* NetworkServiceError.swift in Sources */,
				F0026E5E23366FA7003DF15B /* UIViewController+fromNib.swift in Sources */,
				F08C1B43233AD7E800B18024 /* DefaultAppNavigator.swift in Sources */,
				F0026E9C233701A7003DF15B /* DefaultPostDetailViewModel.swift in Sources */,
				F0026E922336EB23003DF15B /* Resource.swift in Sources */,
				F08C1B4A233AD92300B18024 /* DefaultPostsNavigator.swift in Sources */,
				F0026EA62337EACE003DF15B /* StorageService.swift in Sources */,
				F0026E7B2336AEA4003DF15B /* PostDetailViewModel.swift in Sources */,
				F0026E792336AB00003DF15B /* Comment.swift in Sources */,
				F0026EA82337EB20003DF15B /* DefaultStorageService.swift in Sources */,
				F08C1B45233AD87200B18024 /* ErrorAction.swift in Sources */,
				F0026EA42337E9B7003DF15B /* Storage.swift in Sources */,
				F0026E7323369970003DF15B /* Address.swift in Sources */,
				F0026E862336E3D2003DF15B /* PostsViewController.swift in Sources */,
				F08C1B51233ADF2E00B18024 /* GenericNavigatorAlertController.swift in Sources */,
				F0A4512F2338312000FEAA79 /* CellTappable.swift in Sources */,
				F06128B42336307F00E18665 /* AppDelegate.swift in Sources */,
				F0026E8E2336E73B003DF15B /* NetworkService.swift in Sources */,
				F0026E69233683C3003DF15B /* PostViewModel.swift in Sources */,
				F08C1B48233AD8FA00B18024 /* PostsNavigator.swift in Sources */,
				F0026E6B2336847B003DF15B /* DefaultPostViewModel.swift in Sources */,
				F0026EAB23380610003DF15B /* DataCoordinator.swift in Sources */,
				F06128EA233643A400E18665 /* Post.swift in Sources */,
				F0026E832336E3A3003DF15B /* PostsViewModel.swift in Sources */,
				F0026E6623368037003DF15B /* PostCell.swift in Sources */,
				F0026E842336E3A6003DF15B /* DefaultPostsViewModel.swift in Sources */,
				F0026E942336EC2F003DF15B /* ServiceURL.swift in Sources */,
				F0026EAD23380698003DF15B /* DefaultDataCoordinator.swift in Sources */,
				F08C1B4D233ADACD00B18024 /* PostDetailNavigator.swift in Sources */,
				F0026E902336E807003DF15B /* DefaultNetworkService.swift in Sources */,
				F0026E75233699B9003DF15B /* Geo.swift in Sources */,
				F0026E7723369A12003DF15B /* Company.swift in Sources */,
			);
			runOnlyForDeploymentPostprocessing = 0;
		};
		F06128C02336308000E18665 /* Sources */ = {
			isa = PBXSourcesBuildPhase;
			buildActionMask = 2147483647;
			files = (
				F08C1B57233AE54700B18024 /* XCTestCase+GetAsset.swift in Sources */,
				F08C1B3F233ACC1A00B18024 /* DefaultPostDetailViewModelTests.swift in Sources */,
			);
			runOnlyForDeploymentPostprocessing = 0;
		};
/* End PBXSourcesBuildPhase section */

/* Begin PBXTargetDependency section */
		F06128C62336308000E18665 /* PBXTargetDependency */ = {
			isa = PBXTargetDependency;
			target = F06128AF2336307F00E18665 /* BabylonPosts */;
			targetProxy = F06128C52336308000E18665 /* PBXContainerItemProxy */;
		};
/* End PBXTargetDependency section */

/* Begin PBXVariantGroup section */
		F06128BC2336308000E18665 /* LaunchScreen.storyboard */ = {
			isa = PBXVariantGroup;
			children = (
				F06128BD2336308000E18665 /* Base */,
			);
			name = LaunchScreen.storyboard;
			sourceTree = "<group>";
		};
		F0A45133233835D300FEAA79 /* Localizable.strings */ = {
			isa = PBXVariantGroup;
			children = (
				F0A45134233835D300FEAA79 /* Base */,
			);
			name = Localizable.strings;
			sourceTree = "<group>";
		};
/* End PBXVariantGroup section */

/* Begin XCBuildConfiguration section */
		F06128D62336308000E18665 /* Debug */ = {
			isa = XCBuildConfiguration;
			buildSettings = {
				ALWAYS_SEARCH_USER_PATHS = NO;
				CLANG_ANALYZER_LOCALIZABILITY_NONLOCALIZED = YES;
				CLANG_ANALYZER_NONNULL = YES;
				CLANG_ANALYZER_NUMBER_OBJECT_CONVERSION = YES_AGGRESSIVE;
				CLANG_CXX_LANGUAGE_STANDARD = "gnu++14";
				CLANG_CXX_LIBRARY = "libc++";
				CLANG_ENABLE_MODULES = YES;
				CLANG_ENABLE_OBJC_ARC = YES;
				CLANG_ENABLE_OBJC_WEAK = YES;
				CLANG_WARN_BLOCK_CAPTURE_AUTORELEASING = YES;
				CLANG_WARN_BOOL_CONVERSION = YES;
				CLANG_WARN_COMMA = YES;
				CLANG_WARN_CONSTANT_CONVERSION = YES;
				CLANG_WARN_DEPRECATED_OBJC_IMPLEMENTATIONS = YES;
				CLANG_WARN_DIRECT_OBJC_ISA_USAGE = YES_ERROR;
				CLANG_WARN_DOCUMENTATION_COMMENTS = YES;
				CLANG_WARN_EMPTY_BODY = YES;
				CLANG_WARN_ENUM_CONVERSION = YES;
				CLANG_WARN_INFINITE_RECURSION = YES;
				CLANG_WARN_INT_CONVERSION = YES;
				CLANG_WARN_NON_LITERAL_NULL_CONVERSION = YES;
				CLANG_WARN_OBJC_IMPLICIT_RETAIN_SELF = YES;
				CLANG_WARN_OBJC_LITERAL_CONVERSION = YES;
				CLANG_WARN_OBJC_ROOT_CLASS = YES_ERROR;
				CLANG_WARN_RANGE_LOOP_ANALYSIS = YES;
				CLANG_WARN_STRICT_PROTOTYPES = YES;
				CLANG_WARN_SUSPICIOUS_MOVE = YES;
				CLANG_WARN_UNGUARDED_AVAILABILITY = YES_AGGRESSIVE;
				CLANG_WARN_UNREACHABLE_CODE = YES;
				CLANG_WARN__DUPLICATE_METHOD_MATCH = YES;
				CODE_SIGN_IDENTITY = "iPhone Developer";
				COPY_PHASE_STRIP = NO;
				DEBUG_INFORMATION_FORMAT = dwarf;
				ENABLE_STRICT_OBJC_MSGSEND = YES;
				ENABLE_TESTABILITY = YES;
				GCC_C_LANGUAGE_STANDARD = gnu11;
				GCC_DYNAMIC_NO_PIC = NO;
				GCC_NO_COMMON_BLOCKS = YES;
				GCC_OPTIMIZATION_LEVEL = 0;
				GCC_PREPROCESSOR_DEFINITIONS = (
					"DEBUG=1",
					"$(inherited)",
				);
				GCC_WARN_64_TO_32_BIT_CONVERSION = YES;
				GCC_WARN_ABOUT_RETURN_TYPE = YES_ERROR;
				GCC_WARN_UNDECLARED_SELECTOR = YES;
				GCC_WARN_UNINITIALIZED_AUTOS = YES_AGGRESSIVE;
				GCC_WARN_UNUSED_FUNCTION = YES;
				GCC_WARN_UNUSED_VARIABLE = YES;
				IPHONEOS_DEPLOYMENT_TARGET = 12.4;
				MTL_ENABLE_DEBUG_INFO = INCLUDE_SOURCE;
				MTL_FAST_MATH = YES;
				ONLY_ACTIVE_ARCH = YES;
				SDKROOT = iphoneos;
				SWIFT_ACTIVE_COMPILATION_CONDITIONS = DEBUG;
				SWIFT_OPTIMIZATION_LEVEL = "-Onone";
			};
			name = Debug;
		};
		F06128D72336308000E18665 /* Release */ = {
			isa = XCBuildConfiguration;
			buildSettings = {
				ALWAYS_SEARCH_USER_PATHS = NO;
				CLANG_ANALYZER_LOCALIZABILITY_NONLOCALIZED = YES;
				CLANG_ANALYZER_NONNULL = YES;
				CLANG_ANALYZER_NUMBER_OBJECT_CONVERSION = YES_AGGRESSIVE;
				CLANG_CXX_LANGUAGE_STANDARD = "gnu++14";
				CLANG_CXX_LIBRARY = "libc++";
				CLANG_ENABLE_MODULES = YES;
				CLANG_ENABLE_OBJC_ARC = YES;
				CLANG_ENABLE_OBJC_WEAK = YES;
				CLANG_WARN_BLOCK_CAPTURE_AUTORELEASING = YES;
				CLANG_WARN_BOOL_CONVERSION = YES;
				CLANG_WARN_COMMA = YES;
				CLANG_WARN_CONSTANT_CONVERSION = YES;
				CLANG_WARN_DEPRECATED_OBJC_IMPLEMENTATIONS = YES;
				CLANG_WARN_DIRECT_OBJC_ISA_USAGE = YES_ERROR;
				CLANG_WARN_DOCUMENTATION_COMMENTS = YES;
				CLANG_WARN_EMPTY_BODY = YES;
				CLANG_WARN_ENUM_CONVERSION = YES;
				CLANG_WARN_INFINITE_RECURSION = YES;
				CLANG_WARN_INT_CONVERSION = YES;
				CLANG_WARN_NON_LITERAL_NULL_CONVERSION = YES;
				CLANG_WARN_OBJC_IMPLICIT_RETAIN_SELF = YES;
				CLANG_WARN_OBJC_LITERAL_CONVERSION = YES;
				CLANG_WARN_OBJC_ROOT_CLASS = YES_ERROR;
				CLANG_WARN_RANGE_LOOP_ANALYSIS = YES;
				CLANG_WARN_STRICT_PROTOTYPES = YES;
				CLANG_WARN_SUSPICIOUS_MOVE = YES;
				CLANG_WARN_UNGUARDED_AVAILABILITY = YES_AGGRESSIVE;
				CLANG_WARN_UNREACHABLE_CODE = YES;
				CLANG_WARN__DUPLICATE_METHOD_MATCH = YES;
				CODE_SIGN_IDENTITY = "iPhone Developer";
				COPY_PHASE_STRIP = NO;
				DEBUG_INFORMATION_FORMAT = "dwarf-with-dsym";
				ENABLE_NS_ASSERTIONS = NO;
				ENABLE_STRICT_OBJC_MSGSEND = YES;
				GCC_C_LANGUAGE_STANDARD = gnu11;
				GCC_NO_COMMON_BLOCKS = YES;
				GCC_WARN_64_TO_32_BIT_CONVERSION = YES;
				GCC_WARN_ABOUT_RETURN_TYPE = YES_ERROR;
				GCC_WARN_UNDECLARED_SELECTOR = YES;
				GCC_WARN_UNINITIALIZED_AUTOS = YES_AGGRESSIVE;
				GCC_WARN_UNUSED_FUNCTION = YES;
				GCC_WARN_UNUSED_VARIABLE = YES;
				IPHONEOS_DEPLOYMENT_TARGET = 12.4;
				MTL_ENABLE_DEBUG_INFO = NO;
				MTL_FAST_MATH = YES;
				SDKROOT = iphoneos;
				SWIFT_COMPILATION_MODE = wholemodule;
				SWIFT_OPTIMIZATION_LEVEL = "-O";
				VALIDATE_PRODUCT = YES;
			};
			name = Release;
		};
		F06128D92336308000E18665 /* Debug */ = {
			isa = XCBuildConfiguration;
			baseConfigurationReference = CE2F8EA69AEFCC2DB7798D73 /* Pods-BabylonPosts.debug.xcconfig */;
			buildSettings = {
				ASSETCATALOG_COMPILER_APPICON_NAME = AppIcon;
				CODE_SIGN_STYLE = Automatic;
				DEVELOPMENT_TEAM = 5A2PZNBSV4;
				INFOPLIST_FILE = "$(SRCROOT)/BabylonPosts/Info.plist";
				IPHONEOS_DEPLOYMENT_TARGET = 12.0;
				LD_RUNPATH_SEARCH_PATHS = (
					"$(inherited)",
					"@executable_path/Frameworks",
				);
				PRODUCT_BUNDLE_IDENTIFIER = com.alsyapps.demos.BabylonPosts;
				PRODUCT_NAME = "$(TARGET_NAME)";
				SWIFT_VERSION = 5.0;
				TARGETED_DEVICE_FAMILY = 1;
			};
			name = Debug;
		};
		F06128DA2336308000E18665 /* Release */ = {
			isa = XCBuildConfiguration;
			baseConfigurationReference = AB91D2D263CCA233E0967DA7 /* Pods-BabylonPosts.release.xcconfig */;
			buildSettings = {
				ASSETCATALOG_COMPILER_APPICON_NAME = AppIcon;
				CODE_SIGN_STYLE = Automatic;
				DEVELOPMENT_TEAM = 5A2PZNBSV4;
				INFOPLIST_FILE = "$(SRCROOT)/BabylonPosts/Info.plist";
				IPHONEOS_DEPLOYMENT_TARGET = 12.0;
				LD_RUNPATH_SEARCH_PATHS = (
					"$(inherited)",
					"@executable_path/Frameworks",
				);
				PRODUCT_BUNDLE_IDENTIFIER = com.alsyapps.demos.BabylonPosts;
				PRODUCT_NAME = "$(TARGET_NAME)";
				SWIFT_VERSION = 5.0;
				TARGETED_DEVICE_FAMILY = 1;
			};
			name = Release;
		};
		F06128DC2336308000E18665 /* Debug */ = {
			isa = XCBuildConfiguration;
			baseConfigurationReference = B236FFC4F56578C12CE65001 /* Pods-BabylonPostsTests.debug.xcconfig */;
			buildSettings = {
				ALWAYS_EMBED_SWIFT_STANDARD_LIBRARIES = YES;
				BUNDLE_LOADER = "$(TEST_HOST)";
				CODE_SIGN_STYLE = Automatic;
				DEVELOPMENT_TEAM = 5A2PZNBSV4;
				INFOPLIST_FILE = BabylonPostsTests/Info.plist;
				LD_RUNPATH_SEARCH_PATHS = (
					"$(inherited)",
					"@executable_path/Frameworks",
					"@loader_path/Frameworks",
				);
				PRODUCT_BUNDLE_IDENTIFIER = com.alsyapps.demos.BabylonPostsTests;
				PRODUCT_NAME = "$(TARGET_NAME)";
				SWIFT_VERSION = 5.0;
				TARGETED_DEVICE_FAMILY = "1,2";
				TEST_HOST = "$(BUILT_PRODUCTS_DIR)/BabylonPosts.app/BabylonPosts";
			};
			name = Debug;
		};
		F06128DD2336308000E18665 /* Release */ = {
			isa = XCBuildConfiguration;
			baseConfigurationReference = 59E56EFDF33EDDB3E984672B /* Pods-BabylonPostsTests.release.xcconfig */;
			buildSettings = {
				ALWAYS_EMBED_SWIFT_STANDARD_LIBRARIES = YES;
				BUNDLE_LOADER = "$(TEST_HOST)";
				CODE_SIGN_STYLE = Automatic;
				DEVELOPMENT_TEAM = 5A2PZNBSV4;
				INFOPLIST_FILE = BabylonPostsTests/Info.plist;
				LD_RUNPATH_SEARCH_PATHS = (
					"$(inherited)",
					"@executable_path/Frameworks",
					"@loader_path/Frameworks",
				);
				PRODUCT_BUNDLE_IDENTIFIER = com.alsyapps.demos.BabylonPostsTests;
				PRODUCT_NAME = "$(TARGET_NAME)";
				SWIFT_VERSION = 5.0;
				TARGETED_DEVICE_FAMILY = "1,2";
				TEST_HOST = "$(BUILT_PRODUCTS_DIR)/BabylonPosts.app/BabylonPosts";
			};
			name = Release;
		};
/* End XCBuildConfiguration section */

/* Begin XCConfigurationList section */
		F06128AB2336307F00E18665 /* Build configuration list for PBXProject "BabylonPosts" */ = {
			isa = XCConfigurationList;
			buildConfigurations = (
				F06128D62336308000E18665 /* Debug */,
				F06128D72336308000E18665 /* Release */,
			);
			defaultConfigurationIsVisible = 0;
			defaultConfigurationName = Release;
		};
		F06128D82336308000E18665 /* Build configuration list for PBXNativeTarget "BabylonPosts" */ = {
			isa = XCConfigurationList;
			buildConfigurations = (
				F06128D92336308000E18665 /* Debug */,
				F06128DA2336308000E18665 /* Release */,
			);
			defaultConfigurationIsVisible = 0;
			defaultConfigurationName = Release;
		};
		F06128DB2336308000E18665 /* Build configuration list for PBXNativeTarget "BabylonPostsTests" */ = {
			isa = XCConfigurationList;
			buildConfigurations = (
				F06128DC2336308000E18665 /* Debug */,
				F06128DD2336308000E18665 /* Release */,
			);
			defaultConfigurationIsVisible = 0;
			defaultConfigurationName = Release;
		};
/* End XCConfigurationList section */
	};
	rootObject = F06128A82336307F00E18665 /* Project object */;
}
